
Microsoft Visual Studio Solution File, Format Version 12.00
# Visual Studio Version 16
VisualStudioVersion = 25.0.1705.6
MinimumVisualStudioVersion = 10.0.40219.1
Project("{FAE04EC0-301F-11D3-BF4B-00C04F79EFBC}") = "ex1", "ex1.csproj", "{8FCB812F-A124-4DF4-8026-F06ABEFAD27E}"
EndProject
Global
	GlobalSection(SolutionConfigurationPlatforms) = preSolution
		Debug|Any CPU = Debug|Any CPU
		Release|Any CPU = Release|Any CPU
	EndGlobalSection
	GlobalSection(ProjectConfigurationPlatforms) = postSolution
		{8FCB812F-A124-4DF4-8026-F06ABEFAD27E}.Debug|Any CPU.ActiveCfg = Debug|Any CPU
		{8FCB812F-A124-4DF4-8026-F06ABEFAD27E}.Debug|Any CPU.Build.0 = Debug|Any CPU
		{8FCB812F-A124-4DF4-8026-F06ABEFAD27E}.Release|Any CPU.ActiveCfg = Release|Any CPU
		{8FCB812F-A124-4DF4-8026-F06ABEFAD27E}.Release|Any CPU.Build.0 = Release|Any CPU
	EndGlobalSection
	GlobalSection(SolutionProperties) = preSolution
		HideSolutionNode = FALSE
	EndGlobalSection
	GlobalSection(ExtensibilityGlobals) = postSolution
		SolutionGuid = {4DD24989-5DD0-4AF8-B350-98E4363C5F6B}
	EndGlobalSection
EndGlobal
